
Microsoft Visual Studio Solution File, Format Version 12.00
# Visual Studio Version 16
VisualStudioVersion = 16.0.30804.86
MinimumVisualStudioVersion = 10.0.40219.1
Project("{9A19103F-16F7-4668-BE54-9A1E7A4F7556}") = "KampIntro", "KampIntro\KampIntro.csproj", "{E80596CF-B1A3-4261-869C-A1B03C291C10}"
EndProject
Project("{9A19103F-16F7-4668-BE54-9A1E7A4F7556}") = "Donguler", "Donguler\Donguler.csproj", "{90F76FA1-709E-4613-B769-AC0373C367D0}"
EndProject
Project("{9A19103F-16F7-4668-BE54-9A1E7A4F7556}") = "ClassIntro", "ClassIntro\ClassIntro.csproj", "{4551BBAB-436D-45B0-AB32-A351EFD9F30B}"
EndProject
Project("{9A19103F-16F7-4668-BE54-9A1E7A4F7556}") = "Metodlar", "Metodlar\Metodlar.csproj", "{A9574CAC-F7FB-4BAA-BF44-451A9F312884}"
EndProject
Project("{9A19103F-16F7-4668-BE54-9A1E7A4F7556}") = "Matematik", "Matematik\Matematik.csproj", "{BACA0B13-5625-4B69-BC2D-639F56B7D617}"
EndProject
Project("{9A19103F-16F7-4668-BE54-9A1E7A4F7556}") = "DegerVeReferansTipler", "DegerVeReferansTipler\DegerVeReferansTipler.csproj", "{858A3EA5-5DAE-4941-A022-C3A982452143}"
EndProject
Project("{9A19103F-16F7-4668-BE54-9A1E7A4F7556}") = "ConsoleApp1", "ConsoleApp1\ConsoleApp1.csproj", "{E07CFB90-E060-486A-ACFD-673DD1BC6F05}"
EndProject
Project("{FAE04EC0-301F-11D3-BF4B-00C04F79EFBC}") = "OOP1", "OOP1\OOP1.csproj", "{AE82B149-334F-4F9A-A509-1BA4C9087D6D}"
EndProject
Project("{FAE04EC0-301F-11D3-BF4B-00C04F79EFBC}") = "Koleksiyonlar", "Koleksiyonlar\Koleksiyonlar.csproj", "{8661014C-9AC6-48C0-8979-5E377B37FCFB}"
EndProject
Project("{FAE04EC0-301F-11D3-BF4B-00C04F79EFBC}") = "GenericsIntro", "GenericsIntro\GenericsIntro.csproj", "{632F8BA8-4C0E-4157-9666-E5A3686182AA}"
EndProject
Global
	GlobalSection(SolutionConfigurationPlatforms) = preSolution
		Debug|Any CPU = Debug|Any CPU
		Release|Any CPU = Release|Any CPU
	EndGlobalSection
	GlobalSection(ProjectConfigurationPlatforms) = postSolution
		{E80596CF-B1A3-4261-869C-A1B03C291C10}.Debug|Any CPU.ActiveCfg = Debug|Any CPU
		{E80596CF-B1A3-4261-869C-A1B03C291C10}.Debug|Any CPU.Build.0 = Debug|Any CPU
		{E80596CF-B1A3-4261-869C-A1B03C291C10}.Release|Any CPU.ActiveCfg = Release|Any CPU
		{E80596CF-B1A3-4261-869C-A1B03C291C10}.Release|Any CPU.Build.0 = Release|Any CPU
		{90F76FA1-709E-4613-B769-AC0373C367D0}.Debug|Any CPU.ActiveCfg = Debug|Any CPU
		{90F76FA1-709E-4613-B769-AC0373C367D0}.Debug|Any CPU.Build.0 = Debug|Any CPU
		{90F76FA1-709E-4613-B769-AC0373C367D0}.Release|Any CPU.ActiveCfg = Release|Any CPU
		{90F76FA1-709E-4613-B769-AC0373C367D0}.Release|Any CPU.Build.0 = Release|Any CPU
		{4551BBAB-436D-45B0-AB32-A351EFD9F30B}.Debug|Any CPU.ActiveCfg = Debug|Any CPU
		{4551BBAB-436D-45B0-AB32-A351EFD9F30B}.Debug|Any CPU.Build.0 = Debug|Any CPU
		{4551BBAB-436D-45B0-AB32-A351EFD9F30B}.Release|Any CPU.ActiveCfg = Release|Any CPU
		{4551BBAB-436D-45B0-AB32-A351EFD9F30B}.Release|Any CPU.Build.0 = Release|Any CPU
		{A9574CAC-F7FB-4BAA-BF44-451A9F312884}.Debug|Any CPU.ActiveCfg = Debug|Any CPU
		{A9574CAC-F7FB-4BAA-BF44-451A9F312884}.Debug|Any CPU.Build.0 = Debug|Any CPU
		{A9574CAC-F7FB-4BAA-BF44-451A9F312884}.Release|Any CPU.ActiveCfg = Release|Any CPU
		{A9574CAC-F7FB-4BAA-BF44-451A9F312884}.Release|Any CPU.Build.0 = Release|Any CPU
		{BACA0B13-5625-4B69-BC2D-639F56B7D617}.Debug|Any CPU.ActiveCfg = Debug|Any CPU
		{BACA0B13-5625-4B69-BC2D-639F56B7D617}.Debug|Any CPU.Build.0 = Debug|Any CPU
		{BACA0B13-5625-4B69-BC2D-639F56B7D617}.Release|Any CPU.ActiveCfg = Release|Any CPU
		{BACA0B13-5625-4B69-BC2D-639F56B7D617}.Release|Any CPU.Build.0 = Release|Any CPU
		{858A3EA5-5DAE-4941-A022-C3A982452143}.Debug|Any CPU.ActiveCfg = Debug|Any CPU
		{858A3EA5-5DAE-4941-A022-C3A982452143}.Debug|Any CPU.Build.0 = Debug|Any CPU
		{858A3EA5-5DAE-4941-A022-C3A982452143}.Release|Any CPU.ActiveCfg = Release|Any CPU
		{858A3EA5-5DAE-4941-A022-C3A982452143}.Release|Any CPU.Build.0 = Release|Any CPU
		{E07CFB90-E060-486A-ACFD-673DD1BC6F05}.Debug|Any CPU.ActiveCfg = Debug|Any CPU
		{E07CFB90-E060-486A-ACFD-673DD1BC6F05}.Debug|Any CPU.Build.0 = Debug|Any CPU
		{E07CFB90-E060-486A-ACFD-673DD1BC6F05}.Release|Any CPU.ActiveCfg = Release|Any CPU
		{E07CFB90-E060-486A-ACFD-673DD1BC6F05}.Release|Any CPU.Build.0 = Release|Any CPU
		{AE82B149-334F-4F9A-A509-1BA4C9087D6D}.Debug|Any CPU.ActiveCfg = Debug|Any CPU
		{AE82B149-334F-4F9A-A509-1BA4C9087D6D}.Debug|Any CPU.Build.0 = Debug|Any CPU
		{AE82B149-334F-4F9A-A509-1BA4C9087D6D}.Release|Any CPU.ActiveCfg = Release|Any CPU
		{AE82B149-334F-4F9A-A509-1BA4C9087D6D}.Release|Any CPU.Build.0 = Release|Any CPU
		{8661014C-9AC6-48C0-8979-5E377B37FCFB}.Debug|Any CPU.ActiveCfg = Debug|Any CPU
		{8661014C-9AC6-48C0-8979-5E377B37FCFB}.Debug|Any CPU.Build.0 = Debug|Any CPU
		{8661014C-9AC6-48C0-8979-5E377B37FCFB}.Release|Any CPU.ActiveCfg = Release|Any CPU
		{8661014C-9AC6-48C0-8979-5E377B37FCFB}.Release|Any CPU.Build.0 = Release|Any CPU
		{632F8BA8-4C0E-4157-9666-E5A3686182AA}.Debug|Any CPU.ActiveCfg = Debug|Any CPU
		{632F8BA8-4C0E-4157-9666-E5A3686182AA}.Debug|Any CPU.Build.0 = Debug|Any CPU
		{632F8BA8-4C0E-4157-9666-E5A3686182AA}.Release|Any CPU.ActiveCfg = Release|Any CPU
		{632F8BA8-4C0E-4157-9666-E5A3686182AA}.Release|Any CPU.Build.0 = Release|Any CPU
	EndGlobalSection
	GlobalSection(SolutionProperties) = preSolution
		HideSolutionNode = FALSE
	EndGlobalSection
	GlobalSection(ExtensibilityGlobals) = postSolution
		SolutionGuid = {FFFD54AB-D535-41F8-9925-F0E9508EC664}
	EndGlobalSection
EndGlobal
